
Microsoft Visual Studio Solution File, Format Version 12.00
# Visual Studio 15
VisualStudioVersion = 15.0.28010.2026
MinimumVisualStudioVersion = 10.0.40219.1
Project("{FAE04EC0-301F-11D3-BF4B-00C04F79EFBC}") = "VP_Test_WebApp", "VP_Test_WebApp\VP_Test_WebApp.csproj", "{A0B77F22-31C8-47A7-AB90-78E81A46107F}"
EndProject
Project("{FAE04EC0-301F-11D3-BF4B-00C04F79EFBC}") = "VP_Test_WebApp.Services.Implementation", "Services\VP_Test_WebApp.Services.Implementation.csproj", "{A1D6B2C2-144E-4670-A60F-CDB350105259}"
EndProject
Project("{FAE04EC0-301F-11D3-BF4B-00C04F79EFBC}") = "VP_Test_WebApp.Services.Interface", "VP_Test_WebApp.Services.Interface\VP_Test_WebApp.Services.Interface.csproj", "{4D37FB40-D44D-4319-B52F-817A2573ACB3}"
EndProject
Project("{FAE04EC0-301F-11D3-BF4B-00C04F79EFBC}") = "VP_Test_WebApp.Common", "VP_Test_WebApp.Common\VP_Test_WebApp.Common.csproj", "{119CFD83-66B7-494D-811A-69405F1774F2}"
EndProject
Project("{FAE04EC0-301F-11D3-BF4B-00C04F79EFBC}") = "Vp_Test_WebApp.XunitTests", "Vp_Test_WebApp.Tests\Vp_Test_WebApp.XunitTests.csproj", "{8930715A-2472-4F54-AA1E-42C9A063B4C6}"
EndProject
Project("{FAE04EC0-301F-11D3-BF4B-00C04F79EFBC}") = "Vp_Test_WebApp.ConfidentialTest", "Vp_Test_WebApp.ConfidentialTest\Vp_Test_WebApp.ConfidentialTest.csproj", "{EBB5B382-A072-4225-831E-765FE69691B2}"
EndProject
Global
	GlobalSection(SolutionConfigurationPlatforms) = preSolution
		Debug|Any CPU = Debug|Any CPU
		Release|Any CPU = Release|Any CPU
	EndGlobalSection
	GlobalSection(ProjectConfigurationPlatforms) = postSolution
		{A0B77F22-31C8-47A7-AB90-78E81A46107F}.Debug|Any CPU.ActiveCfg = Debug|Any CPU
		{A0B77F22-31C8-47A7-AB90-78E81A46107F}.Debug|Any CPU.Build.0 = Debug|Any CPU
		{A0B77F22-31C8-47A7-AB90-78E81A46107F}.Release|Any CPU.ActiveCfg = Release|Any CPU
		{A0B77F22-31C8-47A7-AB90-78E81A46107F}.Release|Any CPU.Build.0 = Release|Any CPU
		{A1D6B2C2-144E-4670-A60F-CDB350105259}.Debug|Any CPU.ActiveCfg = Debug|Any CPU
		{A1D6B2C2-144E-4670-A60F-CDB350105259}.Debug|Any CPU.Build.0 = Debug|Any CPU
		{A1D6B2C2-144E-4670-A60F-CDB350105259}.Release|Any CPU.ActiveCfg = Release|Any CPU
		{A1D6B2C2-144E-4670-A60F-CDB350105259}.Release|Any CPU.Build.0 = Release|Any CPU
		{4D37FB40-D44D-4319-B52F-817A2573ACB3}.Debug|Any CPU.ActiveCfg = Debug|Any CPU
		{4D37FB40-D44D-4319-B52F-817A2573ACB3}.Debug|Any CPU.Build.0 = Debug|Any CPU
		{4D37FB40-D44D-4319-B52F-817A2573ACB3}.Release|Any CPU.ActiveCfg = Release|Any CPU
		{4D37FB40-D44D-4319-B52F-817A2573ACB3}.Release|Any CPU.Build.0 = Release|Any CPU
		{119CFD83-66B7-494D-811A-69405F1774F2}.Debug|Any CPU.ActiveCfg = Debug|Any CPU
		{119CFD83-66B7-494D-811A-69405F1774F2}.Debug|Any CPU.Build.0 = Debug|Any CPU
		{119CFD83-66B7-494D-811A-69405F1774F2}.Release|Any CPU.ActiveCfg = Release|Any CPU
		{119CFD83-66B7-494D-811A-69405F1774F2}.Release|Any CPU.Build.0 = Release|Any CPU
		{8930715A-2472-4F54-AA1E-42C9A063B4C6}.Debug|Any CPU.ActiveCfg = Debug|Any CPU
		{8930715A-2472-4F54-AA1E-42C9A063B4C6}.Debug|Any CPU.Build.0 = Debug|Any CPU
		{8930715A-2472-4F54-AA1E-42C9A063B4C6}.Release|Any CPU.ActiveCfg = Release|Any CPU
		{8930715A-2472-4F54-AA1E-42C9A063B4C6}.Release|Any CPU.Build.0 = Release|Any CPU
		{EBB5B382-A072-4225-831E-765FE69691B2}.Debug|Any CPU.ActiveCfg = Debug|Any CPU
		{EBB5B382-A072-4225-831E-765FE69691B2}.Debug|Any CPU.Build.0 = Debug|Any CPU
		{EBB5B382-A072-4225-831E-765FE69691B2}.Release|Any CPU.ActiveCfg = Release|Any CPU
		{EBB5B382-A072-4225-831E-765FE69691B2}.Release|Any CPU.Build.0 = Release|Any CPU
	EndGlobalSection
	GlobalSection(SolutionProperties) = preSolution
		HideSolutionNode = FALSE
	EndGlobalSection
	GlobalSection(ExtensibilityGlobals) = postSolution
		SolutionGuid = {EF3F544A-CBC7-44F9-B6B3-9F29B3E2A5FB}
	EndGlobalSection
EndGlobal
